
Microsoft Visual Studio Solution File, Format Version 12.00
# Visual Studio 15
VisualStudioVersion = 15.0.28307.271
MinimumVisualStudioVersion = 10.0.40219.1
Project("{FAE04EC0-301F-11D3-BF4B-00C04F79EFBC}") = "Egnyte.Api.Tests", "Egnyte.Api.Tests\Egnyte.Api.Tests.csproj", "{A2B13ED0-A42E-44B2-9721-88E2B523CAA6}"
EndProject
Project("{FAE04EC0-301F-11D3-BF4B-00C04F79EFBC}") = "Egnyte.Api", "Egnyte.Api\Egnyte.Api.csproj", "{60313F7D-DA2C-4691-A9D1-71EFFCB70CBA}"
EndProject
Global
	GlobalSection(SolutionConfigurationPlatforms) = preSolution
		Debug|Any CPU = Debug|Any CPU
		Release|Any CPU = Release|Any CPU
	EndGlobalSection
	GlobalSection(ProjectConfigurationPlatforms) = postSolution
		{A2B13ED0-A42E-44B2-9721-88E2B523CAA6}.Debug|Any CPU.ActiveCfg = Debug|Any CPU
		{A2B13ED0-A42E-44B2-9721-88E2B523CAA6}.Debug|Any CPU.Build.0 = Debug|Any CPU
		{A2B13ED0-A42E-44B2-9721-88E2B523CAA6}.Release|Any CPU.ActiveCfg = Release|Any CPU
		{A2B13ED0-A42E-44B2-9721-88E2B523CAA6}.Release|Any CPU.Build.0 = Release|Any CPU
		{60313F7D-DA2C-4691-A9D1-71EFFCB70CBA}.Debug|Any CPU.ActiveCfg = Debug|Any CPU
		{60313F7D-DA2C-4691-A9D1-71EFFCB70CBA}.Debug|Any CPU.Build.0 = Debug|Any CPU
		{60313F7D-DA2C-4691-A9D1-71EFFCB70CBA}.Release|Any CPU.ActiveCfg = Release|Any CPU
		{60313F7D-DA2C-4691-A9D1-71EFFCB70CBA}.Release|Any CPU.Build.0 = Release|Any CPU
	EndGlobalSection
	GlobalSection(SolutionProperties) = preSolution
		HideSolutionNode = FALSE
	EndGlobalSection
	GlobalSection(ExtensibilityGlobals) = postSolution
		SolutionGuid = {C7B5167C-2FA2-4312-8351-F5F246B7A03B}
	EndGlobalSection
EndGlobal
